
Microsoft Visual Studio Solution File, Format Version 12.00
# Visual Studio Version 17
VisualStudioVersion = 17.6.33815.320
MinimumVisualStudioVersion = 10.0.40219.1
Project("{FAE04EC0-301F-11D3-BF4B-00C04F79EFBC}") = "BlogPost", "BlogPost\BlogPost.csproj", "{8860CA8F-9C02-4A1B-8030-247C70A9951D}"
EndProject
Project("{2150E333-8FDC-42A3-9474-1A3956D46DE8}") = "src", "src", "{FAAA60EF-16C1-4951-84DA-26D23C759A9F}"
EndProject
Project("{2150E333-8FDC-42A3-9474-1A3956D46DE8}") = "tests", "tests", "{C367CECE-A24B-43CC-8B5A-C3D18BE04357}"
EndProject
Project("{2150E333-8FDC-42A3-9474-1A3956D46DE8}") = "BlogPost.Domain", "BlogPost.Domain", "{7B057116-96E9-4D71-AE03-78074C3F3892}"
EndProject
Project("{2150E333-8FDC-42A3-9474-1A3956D46DE8}") = "BlogPost.Application", "BlogPost.Application", "{EC284113-B76D-409F-A381-098E9A2C4A78}"
EndProject
Project("{2150E333-8FDC-42A3-9474-1A3956D46DE8}") = "BlogPost.Infrastructure", "BlogPost.Infrastructure", "{3C0BD113-8B93-4CC3-80AE-5AABD2C551F7}"
EndProject
Project("{2150E333-8FDC-42A3-9474-1A3956D46DE8}") = "BlogPost.Api", "BlogPost.Api", "{943EC814-9CAF-4516-84D8-5DBDFC382B16}"
EndProject
Project("{9A19103F-16F7-4668-BE54-9A1E7A4F7556}") = "BlogPost.Domain", "BlogPost.Domain\BlogPost.Domain.csproj", "{F4C0BE22-8D4E-465A-9BDE-83C399BF6E8D}"
EndProject
Project("{9A19103F-16F7-4668-BE54-9A1E7A4F7556}") = "BlogPost.Infrastructure", "BlogPost.Infrastructure\BlogPost.Infrastructure.csproj", "{77393FA1-EE58-4174-98B2-72552A6EECF4}"
EndProject
Project("{9A19103F-16F7-4668-BE54-9A1E7A4F7556}") = "BlogPost.Application", "BlogPost.Application\BlogPost.Application.csproj", "{8D62A4F9-9BFF-4D08-B7B6-0C2BB505643D}"
EndProject
Project("{FAE04EC0-301F-11D3-BF4B-00C04F79EFBC}") = "BlogPost.Api", "BlogPost.Api\BlogPost.Api.csproj", "{0E99522E-2A03-4F83-88BD-87E2E9037A3D}"
EndProject
Global
	GlobalSection(SolutionConfigurationPlatforms) = preSolution
		Debug|Any CPU = Debug|Any CPU
		Debug|ARM = Debug|ARM
		Debug|ARM64 = Debug|ARM64
		Debug|x64 = Debug|x64
		Debug|x86 = Debug|x86
		Release|Any CPU = Release|Any CPU
		Release|ARM = Release|ARM
		Release|ARM64 = Release|ARM64
		Release|x64 = Release|x64
		Release|x86 = Release|x86
	EndGlobalSection
	GlobalSection(ProjectConfigurationPlatforms) = postSolution
		{8860CA8F-9C02-4A1B-8030-247C70A9951D}.Debug|Any CPU.ActiveCfg = Debug|x64
		{8860CA8F-9C02-4A1B-8030-247C70A9951D}.Debug|Any CPU.Build.0 = Debug|x64
		{8860CA8F-9C02-4A1B-8030-247C70A9951D}.Debug|Any CPU.Deploy.0 = Debug|x64
		{8860CA8F-9C02-4A1B-8030-247C70A9951D}.Debug|ARM.ActiveCfg = Debug|ARM
		{8860CA8F-9C02-4A1B-8030-247C70A9951D}.Debug|ARM.Build.0 = Debug|ARM
		{8860CA8F-9C02-4A1B-8030-247C70A9951D}.Debug|ARM.Deploy.0 = Debug|ARM
		{8860CA8F-9C02-4A1B-8030-247C70A9951D}.Debug|ARM64.ActiveCfg = Debug|ARM64
		{8860CA8F-9C02-4A1B-8030-247C70A9951D}.Debug|ARM64.Build.0 = Debug|ARM64
		{8860CA8F-9C02-4A1B-8030-247C70A9951D}.Debug|ARM64.Deploy.0 = Debug|ARM64
		{8860CA8F-9C02-4A1B-8030-247C70A9951D}.Debug|x64.ActiveCfg = Debug|x64
		{8860CA8F-9C02-4A1B-8030-247C70A9951D}.Debug|x64.Build.0 = Debug|x64
		{8860CA8F-9C02-4A1B-8030-247C70A9951D}.Debug|x64.Deploy.0 = Debug|x64
		{8860CA8F-9C02-4A1B-8030-247C70A9951D}.Debug|x86.ActiveCfg = Debug|x86
		{8860CA8F-9C02-4A1B-8030-247C70A9951D}.Debug|x86.Build.0 = Debug|x86
		{8860CA8F-9C02-4A1B-8030-247C70A9951D}.Debug|x86.Deploy.0 = Debug|x86
		{8860CA8F-9C02-4A1B-8030-247C70A9951D}.Release|Any CPU.ActiveCfg = Release|x64
		{8860CA8F-9C02-4A1B-8030-247C70A9951D}.Release|Any CPU.Build.0 = Release|x64
		{8860CA8F-9C02-4A1B-8030-247C70A9951D}.Release|Any CPU.Deploy.0 = Release|x64
		{8860CA8F-9C02-4A1B-8030-247C70A9951D}.Release|ARM.ActiveCfg = Release|ARM
		{8860CA8F-9C02-4A1B-8030-247C70A9951D}.Release|ARM.Build.0 = Release|ARM
		{8860CA8F-9C02-4A1B-8030-247C70A9951D}.Release|ARM.Deploy.0 = Release|ARM
		{8860CA8F-9C02-4A1B-8030-247C70A9951D}.Release|ARM64.ActiveCfg = Release|ARM64
		{8860CA8F-9C02-4A1B-8030-247C70A9951D}.Release|ARM64.Build.0 = Release|ARM64
		{8860CA8F-9C02-4A1B-8030-247C70A9951D}.Release|ARM64.Deploy.0 = Release|ARM64
		{8860CA8F-9C02-4A1B-8030-247C70A9951D}.Release|x64.ActiveCfg = Release|x64
		{8860CA8F-9C02-4A1B-8030-247C70A9951D}.Release|x64.Build.0 = Release|x64
		{8860CA8F-9C02-4A1B-8030-247C70A9951D}.Release|x64.Deploy.0 = Release|x64
		{8860CA8F-9C02-4A1B-8030-247C70A9951D}.Release|x86.ActiveCfg = Release|x86
		{8860CA8F-9C02-4A1B-8030-247C70A9951D}.Release|x86.Build.0 = Release|x86
		{8860CA8F-9C02-4A1B-8030-247C70A9951D}.Release|x86.Deploy.0 = Release|x86
		{F4C0BE22-8D4E-465A-9BDE-83C399BF6E8D}.Debug|Any CPU.ActiveCfg = Debug|Any CPU
		{F4C0BE22-8D4E-465A-9BDE-83C399BF6E8D}.Debug|Any CPU.Build.0 = Debug|Any CPU
		{F4C0BE22-8D4E-465A-9BDE-83C399BF6E8D}.Debug|ARM.ActiveCfg = Debug|Any CPU
		{F4C0BE22-8D4E-465A-9BDE-83C399BF6E8D}.Debug|ARM.Build.0 = Debug|Any CPU
		{F4C0BE22-8D4E-465A-9BDE-83C399BF6E8D}.Debug|ARM64.ActiveCfg = Debug|Any CPU
		{F4C0BE22-8D4E-465A-9BDE-83C399BF6E8D}.Debug|ARM64.Build.0 = Debug|Any CPU
		{F4C0BE22-8D4E-465A-9BDE-83C399BF6E8D}.Debug|x64.ActiveCfg = Debug|Any CPU
		{F4C0BE22-8D4E-465A-9BDE-83C399BF6E8D}.Debug|x64.Build.0 = Debug|Any CPU
		{F4C0BE22-8D4E-465A-9BDE-83C399BF6E8D}.Debug|x86.ActiveCfg = Debug|Any CPU
		{F4C0BE22-8D4E-465A-9BDE-83C399BF6E8D}.Debug|x86.Build.0 = Debug|Any CPU
		{F4C0BE22-8D4E-465A-9BDE-83C399BF6E8D}.Release|Any CPU.ActiveCfg = Release|Any CPU
		{F4C0BE22-8D4E-465A-9BDE-83C399BF6E8D}.Release|Any CPU.Build.0 = Release|Any CPU
		{F4C0BE22-8D4E-465A-9BDE-83C399BF6E8D}.Release|ARM.ActiveCfg = Release|Any CPU
		{F4C0BE22-8D4E-465A-9BDE-83C399BF6E8D}.Release|ARM.Build.0 = Release|Any CPU
		{F4C0BE22-8D4E-465A-9BDE-83C399BF6E8D}.Release|ARM64.ActiveCfg = Release|Any CPU
		{F4C0BE22-8D4E-465A-9BDE-83C399BF6E8D}.Release|ARM64.Build.0 = Release|Any CPU
		{F4C0BE22-8D4E-465A-9BDE-83C399BF6E8D}.Release|x64.ActiveCfg = Release|Any CPU
		{F4C0BE22-8D4E-465A-9BDE-83C399BF6E8D}.Release|x64.Build.0 = Release|Any CPU
		{F4C0BE22-8D4E-465A-9BDE-83C399BF6E8D}.Release|x86.ActiveCfg = Release|Any CPU
		{F4C0BE22-8D4E-465A-9BDE-83C399BF6E8D}.Release|x86.Build.0 = Release|Any CPU
		{77393FA1-EE58-4174-98B2-72552A6EECF4}.Debug|Any CPU.ActiveCfg = Debug|Any CPU
		{77393FA1-EE58-4174-98B2-72552A6EECF4}.Debug|Any CPU.Build.0 = Debug|Any CPU
		{77393FA1-EE58-4174-98B2-72552A6EECF4}.Debug|ARM.ActiveCfg = Debug|Any CPU
		{77393FA1-EE58-4174-98B2-72552A6EECF4}.Debug|ARM.Build.0 = Debug|Any CPU
		{77393FA1-EE58-4174-98B2-72552A6EECF4}.Debug|ARM64.ActiveCfg = Debug|Any CPU
		{77393FA1-EE58-4174-98B2-72552A6EECF4}.Debug|ARM64.Build.0 = Debug|Any CPU
		{77393FA1-EE58-4174-98B2-72552A6EECF4}.Debug|x64.ActiveCfg = Debug|Any CPU
		{77393FA1-EE58-4174-98B2-72552A6EECF4}.Debug|x64.Build.0 = Debug|Any CPU
		{77393FA1-EE58-4174-98B2-72552A6EECF4}.Debug|x86.ActiveCfg = Debug|Any CPU
		{77393FA1-EE58-4174-98B2-72552A6EECF4}.Debug|x86.Build.0 = Debug|Any CPU
		{77393FA1-EE58-4174-98B2-72552A6EECF4}.Release|Any CPU.ActiveCfg = Release|Any CPU
		{77393FA1-EE58-4174-98B2-72552A6EECF4}.Release|Any CPU.Build.0 = Release|Any CPU
		{77393FA1-EE58-4174-98B2-72552A6EECF4}.Release|ARM.ActiveCfg = Release|Any CPU
		{77393FA1-EE58-4174-98B2-72552A6EECF4}.Release|ARM.Build.0 = Release|Any CPU
		{77393FA1-EE58-4174-98B2-72552A6EECF4}.Release|ARM64.ActiveCfg = Release|Any CPU
		{77393FA1-EE58-4174-98B2-72552A6EECF4}.Release|ARM64.Build.0 = Release|Any CPU
		{77393FA1-EE58-4174-98B2-72552A6EECF4}.Release|x64.ActiveCfg = Release|Any CPU
		{77393FA1-EE58-4174-98B2-72552A6EECF4}.Release|x64.Build.0 = Release|Any CPU
		{77393FA1-EE58-4174-98B2-72552A6EECF4}.Release|x86.ActiveCfg = Release|Any CPU
		{77393FA1-EE58-4174-98B2-72552A6EECF4}.Release|x86.Build.0 = Release|Any CPU
		{8D62A4F9-9BFF-4D08-B7B6-0C2BB505643D}.Debug|Any CPU.ActiveCfg = Debug|Any CPU
		{8D62A4F9-9BFF-4D08-B7B6-0C2BB505643D}.Debug|Any CPU.Build.0 = Debug|Any CPU
		{8D62A4F9-9BFF-4D08-B7B6-0C2BB505643D}.Debug|ARM.ActiveCfg = Debug|Any CPU
		{8D62A4F9-9BFF-4D08-B7B6-0C2BB505643D}.Debug|ARM.Build.0 = Debug|Any CPU
		{8D62A4F9-9BFF-4D08-B7B6-0C2BB505643D}.Debug|ARM64.ActiveCfg = Debug|Any CPU
		{8D62A4F9-9BFF-4D08-B7B6-0C2BB505643D}.Debug|ARM64.Build.0 = Debug|Any CPU
		{8D62A4F9-9BFF-4D08-B7B6-0C2BB505643D}.Debug|x64.ActiveCfg = Debug|Any CPU
		{8D62A4F9-9BFF-4D08-B7B6-0C2BB505643D}.Debug|x64.Build.0 = Debug|Any CPU
		{8D62A4F9-9BFF-4D08-B7B6-0C2BB505643D}.Debug|x86.ActiveCfg = Debug|Any CPU
		{8D62A4F9-9BFF-4D08-B7B6-0C2BB505643D}.Debug|x86.Build.0 = Debug|Any CPU
		{8D62A4F9-9BFF-4D08-B7B6-0C2BB505643D}.Release|Any CPU.ActiveCfg = Release|Any CPU
		{8D62A4F9-9BFF-4D08-B7B6-0C2BB505643D}.Release|Any CPU.Build.0 = Release|Any CPU
		{8D62A4F9-9BFF-4D08-B7B6-0C2BB505643D}.Release|ARM.ActiveCfg = Release|Any CPU
		{8D62A4F9-9BFF-4D08-B7B6-0C2BB505643D}.Release|ARM.Build.0 = Release|Any CPU
		{8D62A4F9-9BFF-4D08-B7B6-0C2BB505643D}.Release|ARM64.ActiveCfg = Release|Any CPU
		{8D62A4F9-9BFF-4D08-B7B6-0C2BB505643D}.Release|ARM64.Build.0 = Release|Any CPU
		{8D62A4F9-9BFF-4D08-B7B6-0C2BB505643D}.Release|x64.ActiveCfg = Release|Any CPU
		{8D62A4F9-9BFF-4D08-B7B6-0C2BB505643D}.Release|x64.Build.0 = Release|Any CPU
		{8D62A4F9-9BFF-4D08-B7B6-0C2BB505643D}.Release|x86.ActiveCfg = Release|Any CPU
		{8D62A4F9-9BFF-4D08-B7B6-0C2BB505643D}.Release|x86.Build.0 = Release|Any CPU
		{0E99522E-2A03-4F83-88BD-87E2E9037A3D}.Debug|Any CPU.ActiveCfg = Debug|Any CPU
		{0E99522E-2A03-4F83-88BD-87E2E9037A3D}.Debug|Any CPU.Build.0 = Debug|Any CPU
		{0E99522E-2A03-4F83-88BD-87E2E9037A3D}.Debug|ARM.ActiveCfg = Debug|Any CPU
		{0E99522E-2A03-4F83-88BD-87E2E9037A3D}.Debug|ARM.Build.0 = Debug|Any CPU
		{0E99522E-2A03-4F83-88BD-87E2E9037A3D}.Debug|ARM64.ActiveCfg = Debug|Any CPU
		{0E99522E-2A03-4F83-88BD-87E2E9037A3D}.Debug|ARM64.Build.0 = Debug|Any CPU
		{0E99522E-2A03-4F83-88BD-87E2E9037A3D}.Debug|x64.ActiveCfg = Debug|Any CPU
		{0E99522E-2A03-4F83-88BD-87E2E9037A3D}.Debug|x64.Build.0 = Debug|Any CPU
		{0E99522E-2A03-4F83-88BD-87E2E9037A3D}.Debug|x86.ActiveCfg = Debug|Any CPU
		{0E99522E-2A03-4F83-88BD-87E2E9037A3D}.Debug|x86.Build.0 = Debug|Any CPU
		{0E99522E-2A03-4F83-88BD-87E2E9037A3D}.Release|Any CPU.ActiveCfg = Release|Any CPU
		{0E99522E-2A03-4F83-88BD-87E2E9037A3D}.Release|Any CPU.Build.0 = Release|Any CPU
		{0E99522E-2A03-4F83-88BD-87E2E9037A3D}.Release|ARM.ActiveCfg = Release|Any CPU
		{0E99522E-2A03-4F83-88BD-87E2E9037A3D}.Release|ARM.Build.0 = Release|Any CPU
		{0E99522E-2A03-4F83-88BD-87E2E9037A3D}.Release|ARM64.ActiveCfg = Release|Any CPU
		{0E99522E-2A03-4F83-88BD-87E2E9037A3D}.Release|ARM64.Build.0 = Release|Any CPU
		{0E99522E-2A03-4F83-88BD-87E2E9037A3D}.Release|x64.ActiveCfg = Release|Any CPU
		{0E99522E-2A03-4F83-88BD-87E2E9037A3D}.Release|x64.Build.0 = Release|Any CPU
		{0E99522E-2A03-4F83-88BD-87E2E9037A3D}.Release|x86.ActiveCfg = Release|Any CPU
		{0E99522E-2A03-4F83-88BD-87E2E9037A3D}.Release|x86.Build.0 = Release|Any CPU
	EndGlobalSection
	GlobalSection(SolutionProperties) = preSolution
		HideSolutionNode = FALSE
	EndGlobalSection
	GlobalSection(NestedProjects) = preSolution
		{7B057116-96E9-4D71-AE03-78074C3F3892} = {FAAA60EF-16C1-4951-84DA-26D23C759A9F}
		{EC284113-B76D-409F-A381-098E9A2C4A78} = {FAAA60EF-16C1-4951-84DA-26D23C759A9F}
		{3C0BD113-8B93-4CC3-80AE-5AABD2C551F7} = {FAAA60EF-16C1-4951-84DA-26D23C759A9F}
		{943EC814-9CAF-4516-84D8-5DBDFC382B16} = {FAAA60EF-16C1-4951-84DA-26D23C759A9F}
		{F4C0BE22-8D4E-465A-9BDE-83C399BF6E8D} = {7B057116-96E9-4D71-AE03-78074C3F3892}
		{77393FA1-EE58-4174-98B2-72552A6EECF4} = {3C0BD113-8B93-4CC3-80AE-5AABD2C551F7}
		{8D62A4F9-9BFF-4D08-B7B6-0C2BB505643D} = {EC284113-B76D-409F-A381-098E9A2C4A78}
		{0E99522E-2A03-4F83-88BD-87E2E9037A3D} = {943EC814-9CAF-4516-84D8-5DBDFC382B16}
	EndGlobalSection
	GlobalSection(ExtensibilityGlobals) = postSolution
		SolutionGuid = {3585DC69-3A83-48CF-A51C-06EEB3F50995}
	EndGlobalSection
EndGlobal
